
Microsoft Visual Studio Solution File, Format Version 12.00
# Visual Studio 15
VisualStudioVersion = 15.0.27428.2002
MinimumVisualStudioVersion = 10.0.40219.1
Project("{FAE04EC0-301F-11D3-BF4B-00C04F79EFBC}") = "01 Type Boundaries", "01 Type Boundaries\01 Type Boundaries.csproj", "{1100457E-4797-4806-AFF8-2D6C1502248E}"
EndProject
Project("{FAE04EC0-301F-11D3-BF4B-00C04F79EFBC}") = "02 Number Checker", "02 Number Checker\02 Number Checker.csproj", "{826ED056-AEC5-4A09-85B0-6E2302BE63E0}"
EndProject
Project("{FAE04EC0-301F-11D3-BF4B-00C04F79EFBC}") = "03 Water Overflow", "03 Water Overflow\03 Water Overflow.csproj", "{5AA8DE22-8322-4F5C-BA12-0B9411711D65}"
EndProject
Global
	GlobalSection(SolutionConfigurationPlatforms) = preSolution
		Debug|Any CPU = Debug|Any CPU
		Release|Any CPU = Release|Any CPU
	EndGlobalSection
	GlobalSection(ProjectConfigurationPlatforms) = postSolution
		{1100457E-4797-4806-AFF8-2D6C1502248E}.Debug|Any CPU.ActiveCfg = Debug|Any CPU
		{1100457E-4797-4806-AFF8-2D6C1502248E}.Debug|Any CPU.Build.0 = Debug|Any CPU
		{1100457E-4797-4806-AFF8-2D6C1502248E}.Release|Any CPU.ActiveCfg = Release|Any CPU
		{1100457E-4797-4806-AFF8-2D6C1502248E}.Release|Any CPU.Build.0 = Release|Any CPU
		{826ED056-AEC5-4A09-85B0-6E2302BE63E0}.Debug|Any CPU.ActiveCfg = Debug|Any CPU
		{826ED056-AEC5-4A09-85B0-6E2302BE63E0}.Debug|Any CPU.Build.0 = Debug|Any CPU
		{826ED056-AEC5-4A09-85B0-6E2302BE63E0}.Release|Any CPU.ActiveCfg = Release|Any CPU
		{826ED056-AEC5-4A09-85B0-6E2302BE63E0}.Release|Any CPU.Build.0 = Release|Any CPU
		{5AA8DE22-8322-4F5C-BA12-0B9411711D65}.Debug|Any CPU.ActiveCfg = Debug|Any CPU
		{5AA8DE22-8322-4F5C-BA12-0B9411711D65}.Debug|Any CPU.Build.0 = Debug|Any CPU
		{5AA8DE22-8322-4F5C-BA12-0B9411711D65}.Release|Any CPU.ActiveCfg = Release|Any CPU
		{5AA8DE22-8322-4F5C-BA12-0B9411711D65}.Release|Any CPU.Build.0 = Release|Any CPU
	EndGlobalSection
	GlobalSection(SolutionProperties) = preSolution
		HideSolutionNode = FALSE
	EndGlobalSection
	GlobalSection(ExtensibilityGlobals) = postSolution
		SolutionGuid = {7D656D80-BA0C-4B32-89E5-C182AF12638D}
	EndGlobalSection
EndGlobal
