
Microsoft Visual Studio Solution File, Format Version 12.00
# Visual Studio 15
VisualStudioVersion = 15.0.27428.2002
MinimumVisualStudioVersion = 10.0.40219.1
Project("{FAE04EC0-301F-11D3-BF4B-00C04F79EFBC}") = "01 Centuries To Minutesa", "01 Centuries To Minutesa\01 Centuries To Minutesa.csproj", "{93CD9209-B883-49FA-8AFB-F14F55D98575}"
EndProject
Project("{FAE04EC0-301F-11D3-BF4B-00C04F79EFBC}") = "02 Circle Area", "02 Circle Area\02 Circle Area.csproj", "{4D9B2DEA-75FD-456E-B8AE-5C096008AA34}"
EndProject
Project("{FAE04EC0-301F-11D3-BF4B-00C04F79EFBC}") = "03 Exact Sum of Real Numbers", "03 Exact Sum of Real Numbers\03 Exact Sum of Real Numbers.csproj", "{FFC83283-9284-43E9-ACF8-B32CA382C1F9}"
EndProject
Project("{FAE04EC0-301F-11D3-BF4B-00C04F79EFBC}") = "04 Elevator", "04 Elevator\04 Elevator.csproj", "{92679D0F-F23A-4475-A61F-2E745158620B}"
EndProject
Project("{FAE04EC0-301F-11D3-BF4B-00C04F79EFBC}") = "05 Special Numbers", "05 Special Numbers\05 Special Numbers.csproj", "{7A46226D-F8CC-4EEA-A8F7-3ED6E5FB075A}"
EndProject
Project("{FAE04EC0-301F-11D3-BF4B-00C04F79EFBC}") = "tests", "tests\tests.csproj", "{CBAE78AB-CF74-4DD6-8579-E3874BB09D44}"
EndProject
Project("{FAE04EC0-301F-11D3-BF4B-00C04F79EFBC}") = "06 Tripples of Latin Letters", "06 Tripples of Latin Letters\06 Tripples of Latin Letters.csproj", "{13A6BF93-98A8-4D4C-858F-08E53AC1417A}"
EndProject
Project("{FAE04EC0-301F-11D3-BF4B-00C04F79EFBC}") = "07 Greeting", "07 Greeting\07 Greeting.csproj", "{C68D9461-2533-414F-BD6F-B4D2CECC7F9C}"
EndProject
Project("{FAE04EC0-301F-11D3-BF4B-00C04F79EFBC}") = "08 Refactor Volume of Pyramid", "08 Refactor Volume of Pyramid\08 Refactor Volume of Pyramid.csproj", "{4C96F343-1D76-48CB-9967-25379BCA88CB}"
EndProject
Project("{FAE04EC0-301F-11D3-BF4B-00C04F79EFBC}") = "09 Reafctor Special Numbers", "09 Reafctor Special Numbers\09 Reafctor Special Numbers.csproj", "{2C442797-A0F2-419E-AEC3-49135E0FE4F7}"
EndProject
Global
	GlobalSection(SolutionConfigurationPlatforms) = preSolution
		Debug|Any CPU = Debug|Any CPU
		Release|Any CPU = Release|Any CPU
	EndGlobalSection
	GlobalSection(ProjectConfigurationPlatforms) = postSolution
		{93CD9209-B883-49FA-8AFB-F14F55D98575}.Debug|Any CPU.ActiveCfg = Debug|Any CPU
		{93CD9209-B883-49FA-8AFB-F14F55D98575}.Debug|Any CPU.Build.0 = Debug|Any CPU
		{93CD9209-B883-49FA-8AFB-F14F55D98575}.Release|Any CPU.ActiveCfg = Release|Any CPU
		{93CD9209-B883-49FA-8AFB-F14F55D98575}.Release|Any CPU.Build.0 = Release|Any CPU
		{4D9B2DEA-75FD-456E-B8AE-5C096008AA34}.Debug|Any CPU.ActiveCfg = Debug|Any CPU
		{4D9B2DEA-75FD-456E-B8AE-5C096008AA34}.Debug|Any CPU.Build.0 = Debug|Any CPU
		{4D9B2DEA-75FD-456E-B8AE-5C096008AA34}.Release|Any CPU.ActiveCfg = Release|Any CPU
		{4D9B2DEA-75FD-456E-B8AE-5C096008AA34}.Release|Any CPU.Build.0 = Release|Any CPU
		{FFC83283-9284-43E9-ACF8-B32CA382C1F9}.Debug|Any CPU.ActiveCfg = Debug|Any CPU
		{FFC83283-9284-43E9-ACF8-B32CA382C1F9}.Debug|Any CPU.Build.0 = Debug|Any CPU
		{FFC83283-9284-43E9-ACF8-B32CA382C1F9}.Release|Any CPU.ActiveCfg = Release|Any CPU
		{FFC83283-9284-43E9-ACF8-B32CA382C1F9}.Release|Any CPU.Build.0 = Release|Any CPU
		{92679D0F-F23A-4475-A61F-2E745158620B}.Debug|Any CPU.ActiveCfg = Debug|Any CPU
		{92679D0F-F23A-4475-A61F-2E745158620B}.Debug|Any CPU.Build.0 = Debug|Any CPU
		{92679D0F-F23A-4475-A61F-2E745158620B}.Release|Any CPU.ActiveCfg = Release|Any CPU
		{92679D0F-F23A-4475-A61F-2E745158620B}.Release|Any CPU.Build.0 = Release|Any CPU
		{7A46226D-F8CC-4EEA-A8F7-3ED6E5FB075A}.Debug|Any CPU.ActiveCfg = Debug|Any CPU
		{7A46226D-F8CC-4EEA-A8F7-3ED6E5FB075A}.Debug|Any CPU.Build.0 = Debug|Any CPU
		{7A46226D-F8CC-4EEA-A8F7-3ED6E5FB075A}.Release|Any CPU.ActiveCfg = Release|Any CPU
		{7A46226D-F8CC-4EEA-A8F7-3ED6E5FB075A}.Release|Any CPU.Build.0 = Release|Any CPU
		{CBAE78AB-CF74-4DD6-8579-E3874BB09D44}.Debug|Any CPU.ActiveCfg = Debug|Any CPU
		{CBAE78AB-CF74-4DD6-8579-E3874BB09D44}.Debug|Any CPU.Build.0 = Debug|Any CPU
		{CBAE78AB-CF74-4DD6-8579-E3874BB09D44}.Release|Any CPU.ActiveCfg = Release|Any CPU
		{CBAE78AB-CF74-4DD6-8579-E3874BB09D44}.Release|Any CPU.Build.0 = Release|Any CPU
		{13A6BF93-98A8-4D4C-858F-08E53AC1417A}.Debug|Any CPU.ActiveCfg = Debug|Any CPU
		{13A6BF93-98A8-4D4C-858F-08E53AC1417A}.Debug|Any CPU.Build.0 = Debug|Any CPU
		{13A6BF93-98A8-4D4C-858F-08E53AC1417A}.Release|Any CPU.ActiveCfg = Release|Any CPU
		{13A6BF93-98A8-4D4C-858F-08E53AC1417A}.Release|Any CPU.Build.0 = Release|Any CPU
		{C68D9461-2533-414F-BD6F-B4D2CECC7F9C}.Debug|Any CPU.ActiveCfg = Debug|Any CPU
		{C68D9461-2533-414F-BD6F-B4D2CECC7F9C}.Debug|Any CPU.Build.0 = Debug|Any CPU
		{C68D9461-2533-414F-BD6F-B4D2CECC7F9C}.Release|Any CPU.ActiveCfg = Release|Any CPU
		{C68D9461-2533-414F-BD6F-B4D2CECC7F9C}.Release|Any CPU.Build.0 = Release|Any CPU
		{4C96F343-1D76-48CB-9967-25379BCA88CB}.Debug|Any CPU.ActiveCfg = Debug|Any CPU
		{4C96F343-1D76-48CB-9967-25379BCA88CB}.Debug|Any CPU.Build.0 = Debug|Any CPU
		{4C96F343-1D76-48CB-9967-25379BCA88CB}.Release|Any CPU.ActiveCfg = Release|Any CPU
		{4C96F343-1D76-48CB-9967-25379BCA88CB}.Release|Any CPU.Build.0 = Release|Any CPU
		{2C442797-A0F2-419E-AEC3-49135E0FE4F7}.Debug|Any CPU.ActiveCfg = Debug|Any CPU
		{2C442797-A0F2-419E-AEC3-49135E0FE4F7}.Debug|Any CPU.Build.0 = Debug|Any CPU
		{2C442797-A0F2-419E-AEC3-49135E0FE4F7}.Release|Any CPU.ActiveCfg = Release|Any CPU
		{2C442797-A0F2-419E-AEC3-49135E0FE4F7}.Release|Any CPU.Build.0 = Release|Any CPU
	EndGlobalSection
	GlobalSection(SolutionProperties) = preSolution
		HideSolutionNode = FALSE
	EndGlobalSection
	GlobalSection(ExtensibilityGlobals) = postSolution
		SolutionGuid = {A3C87A88-6D6C-49FE-BEA0-071BFE04D19C}
	EndGlobalSection
EndGlobal
